{
  "object": {
    "pins": [
      {
        "package": "SDWebImage",
        "repositoryURL": "https://github.com/SDWebImage/SDWebImage",
        "state": {
          "branch": null,
          "revision": "4aaca57fb2f6dc5554a2228cf1d94289bd0a6c7d",
          "version": "5.10.3"
        }
      }
    ]
  },
  "version": 1
}
